
Microsoft Visual Studio Solution File, Format Version 12.00
# Visual Studio Version 16
VisualStudioVersion = 16.0.32002.261
MinimumVisualStudioVersion = 10.0.40219.1
Project("{FAE04EC0-301F-11D3-BF4B-00C04F79EFBC}") = "Hau.GUI", "Hau.GUI\Hau.GUI.csproj", "{F3227EA4-58A0-4759-8874-AABBFE04B611}"
EndProject
Global
	GlobalSection(SolutionConfigurationPlatforms) = preSolution
		Debug|Any CPU = Debug|Any CPU
		Release|Any CPU = Release|Any CPU
	EndGlobalSection
	GlobalSection(ProjectConfigurationPlatforms) = postSolution
		{F3227EA4-58A0-4759-8874-AABBFE04B611}.Debug|Any CPU.ActiveCfg = Debug|Any CPU
		{F3227EA4-58A0-4759-8874-AABBFE04B611}.Debug|Any CPU.Build.0 = Debug|Any CPU
		{F3227EA4-58A0-4759-8874-AABBFE04B611}.Release|Any CPU.ActiveCfg = Release|Any CPU
		{F3227EA4-58A0-4759-8874-AABBFE04B611}.Release|Any CPU.Build.0 = Release|Any CPU
	EndGlobalSection
	GlobalSection(SolutionProperties) = preSolution
		HideSolutionNode = FALSE
	EndGlobalSection
	GlobalSection(ExtensibilityGlobals) = postSolution
		SolutionGuid = {BD405173-AB37-4D7F-904F-04FB57A84AF3}
	EndGlobalSection
EndGlobal
